
Microsoft Visual Studio Solution File, Format Version 11.00
# Visual Studio 2010
Project("{FAE04EC0-301F-11D3-BF4B-00C04F79EFBC}") = "accreaters_3", "Assembly-CSharp.csproj", "{FEC885A4-4CF6-341A-8405-8713C6B0A311}"
EndProject
Project("{9414D053-974C-E6CB-03AE-3F2E51233593}") = "accreaters_3", "Assembly-UnityScript.unityproj", "{08FD4BFA-A5C4-75CF-F6A4-5CB163CEFD5C}"
EndProject
Global
	GlobalSection(SolutionConfigurationPlatforms) = preSolution
		Debug|Any CPU = Debug|Any CPU
		Release|Any CPU = Release|Any CPU
	EndGlobalSection
	GlobalSection(ProjectConfigurationPlatforms) = postSolution
		{FEC885A4-4CF6-341A-8405-8713C6B0A311}.Debug|Any CPU.ActiveCfg = Debug|Any CPU
		{FEC885A4-4CF6-341A-8405-8713C6B0A311}.Debug|Any CPU.Build.0 = Debug|Any CPU
		{FEC885A4-4CF6-341A-8405-8713C6B0A311}.Release|Any CPU.ActiveCfg = Release|Any CPU
		{FEC885A4-4CF6-341A-8405-8713C6B0A311}.Release|Any CPU.Build.0 = Release|Any CPU
		{08FD4BFA-A5C4-75CF-F6A4-5CB163CEFD5C}.Debug|Any CPU.ActiveCfg = Debug|Any CPU
		{08FD4BFA-A5C4-75CF-F6A4-5CB163CEFD5C}.Debug|Any CPU.Build.0 = Debug|Any CPU
		{08FD4BFA-A5C4-75CF-F6A4-5CB163CEFD5C}.Release|Any CPU.ActiveCfg = Release|Any CPU
		{08FD4BFA-A5C4-75CF-F6A4-5CB163CEFD5C}.Release|Any CPU.Build.0 = Release|Any CPU
	EndGlobalSection
	GlobalSection(SolutionProperties) = preSolution
		HideSolutionNode = FALSE
	EndGlobalSection
	GlobalSection(MonoDevelopProperties) = preSolution
		StartupItem = Assembly-CSharp.csproj
	EndGlobalSection
EndGlobal
